// !$*UTF8*$!
{
	archiveVersion = 1;
	classes = {
	};
	objectVersion = 48;
	objects = {

/* Begin PBXBuildFile section */
		1ECAA7233678D9C519726C18 /* Pods_breakpoint.framework in Frameworks */ = {isa = PBXBuildFile; fileRef = C643993D711845730FE20256 /* Pods_breakpoint.framework */; };
		7141C31D1F441825007D8561 /* DataService.swift in Sources */ = {isa = PBXBuildFile; fileRef = 7141C31C1F441825007D8561 /* DataService.swift */; };
		7141C31F1F44202E007D8561 /* AuthVC.swift in Sources */ = {isa = PBXBuildFile; fileRef = 7141C31E1F44202E007D8561 /* AuthVC.swift */; };
		7141C3211F442059007D8561 /* LoginVC.swift in Sources */ = {isa = PBXBuildFile; fileRef = 7141C3201F442059007D8561 /* LoginVC.swift */; };
		7141C3231F4420A1007D8561 /* InsetTextField.swift in Sources */ = {isa = PBXBuildFile; fileRef = 7141C3221F4420A1007D8561 /* InsetTextField.swift */; };
		7141C3241F442261007D8561 /* GoogleService-Info.plist in Resources */ = {isa = PBXBuildFile; fileRef = 71E22B371F417AC100FCE5D5 /* GoogleService-Info.plist */; };
		7141C3261F4423CF007D8561 /* ShadowView.swift in Sources */ = {isa = PBXBuildFile; fileRef = 7141C3251F4423CF007D8561 /* ShadowView.swift */; };
		7141C3281F456BEE007D8561 /* AuthService.swift in Sources */ = {isa = PBXBuildFile; fileRef = 7141C3271F456BEE007D8561 /* AuthService.swift */; };
		71E22B1E1F41796F00FCE5D5 /* AppDelegate.swift in Sources */ = {isa = PBXBuildFile; fileRef = 71E22B1D1F41796F00FCE5D5 /* AppDelegate.swift */; };
		71E22B201F41796F00FCE5D5 /* FeedVC.swift in Sources */ = {isa = PBXBuildFile; fileRef = 71E22B1F1F41796F00FCE5D5 /* FeedVC.swift */; };
		71E22B221F41796F00FCE5D5 /* GroupVC.swift in Sources */ = {isa = PBXBuildFile; fileRef = 71E22B211F41796F00FCE5D5 /* GroupVC.swift */; };
		71E22B251F41796F00FCE5D5 /* Main.storyboard in Resources */ = {isa = PBXBuildFile; fileRef = 71E22B231F41796F00FCE5D5 /* Main.storyboard */; };
		71E22B271F41796F00FCE5D5 /* Assets.xcassets in Resources */ = {isa = PBXBuildFile; fileRef = 71E22B261F41796F00FCE5D5 /* Assets.xcassets */; };
		71E22B2A1F41796F00FCE5D5 /* LaunchScreen.storyboard in Resources */ = {isa = PBXBuildFile; fileRef = 71E22B281F41796F00FCE5D5 /* LaunchScreen.storyboard */; };
/* End PBXBuildFile section */

/* Begin PBXFileReference section */
		1EE09A52F702F052F12CFA56 /* Pods-breakpoint.debug.xcconfig */ = {isa = PBXFileReference; includeInIndex = 1; lastKnownFileType = text.xcconfig; name = "Pods-breakpoint.debug.xcconfig"; path = "Pods/Target Support Files/Pods-breakpoint/Pods-breakpoint.debug.xcconfig"; sourceTree = "<group>"; };
		7141C31C1F441825007D8561 /* DataService.swift */ = {isa = PBXFileReference; lastKnownFileType = sourcecode.swift; path = DataService.swift; sourceTree = "<group>"; };
		7141C31E1F44202E007D8561 /* AuthVC.swift */ = {isa = PBXFileReference; lastKnownFileType = sourcecode.swift; path = AuthVC.swift; sourceTree = "<group>"; };
		7141C3201F442059007D8561 /* LoginVC.swift */ = {isa = PBXFileReference; lastKnownFileType = sourcecode.swift; path = LoginVC.swift; sourceTree = "<group>"; };
		7141C3221F4420A1007D8561 /* InsetTextField.swift */ = {isa = PBXFileReference; lastKnownFileType = sourcecode.swift; path = InsetTextField.swift; sourceTree = "<group>"; };
		7141C3251F4423CF007D8561 /* ShadowView.swift */ = {isa = PBXFileReference; lastKnownFileType = sourcecode.swift; path = ShadowView.swift; sourceTree = "<group>"; };
		7141C3271F456BEE007D8561 /* AuthService.swift */ = {isa = PBXFileReference; lastKnownFileType = sourcecode.swift; path = AuthService.swift; sourceTree = "<group>"; };
		71E22B1A1F41796F00FCE5D5 /* breakpoint.app */ = {isa = PBXFileReference; explicitFileType = wrapper.application; includeInIndex = 0; path = breakpoint.app; sourceTree = BUILT_PRODUCTS_DIR; };
		71E22B1D1F41796F00FCE5D5 /* AppDelegate.swift */ = {isa = PBXFileReference; lastKnownFileType = sourcecode.swift; path = AppDelegate.swift; sourceTree = "<group>"; };
		71E22B1F1F41796F00FCE5D5 /* FeedVC.swift */ = {isa = PBXFileReference; lastKnownFileType = sourcecode.swift; path = FeedVC.swift; sourceTree = "<group>"; };
		71E22B211F41796F00FCE5D5 /* GroupVC.swift */ = {isa = PBXFileReference; lastKnownFileType = sourcecode.swift; path = GroupVC.swift; sourceTree = "<group>"; };
		71E22B241F41796F00FCE5D5 /* Base */ = {isa = PBXFileReference; lastKnownFileType = file.storyboard; name = Base; path = Base.lproj/Main.storyboard; sourceTree = "<group>"; };
		71E22B261F41796F00FCE5D5 /* Assets.xcassets */ = {isa = PBXFileReference; lastKnownFileType = folder.assetcatalog; path = Assets.xcassets; sourceTree = "<group>"; };
		71E22B291F41796F00FCE5D5 /* Base */ = {isa = PBXFileReference; lastKnownFileType = file.storyboard; name = Base; path = Base.lproj/LaunchScreen.storyboard; sourceTree = "<group>"; };
		71E22B2B1F41796F00FCE5D5 /* Info.plist */ = {isa = PBXFileReference; lastKnownFileType = text.plist.xml; path = Info.plist; sourceTree = "<group>"; };
		71E22B371F417AC100FCE5D5 /* GoogleService-Info.plist */ = {isa = PBXFileReference; lastKnownFileType = text.plist.xml; path = "GoogleService-Info.plist"; sourceTree = "<group>"; };
		C643993D711845730FE20256 /* Pods_breakpoint.framework */ = {isa = PBXFileReference; explicitFileType = wrapper.framework; includeInIndex = 0; path = Pods_breakpoint.framework; sourceTree = BUILT_PRODUCTS_DIR; };
		E863EFFE0D202DA76A36628E /* Pods-breakpoint.release.xcconfig */ = {isa = PBXFileReference; includeInIndex = 1; lastKnownFileType = text.xcconfig; name = "Pods-breakpoint.release.xcconfig"; path = "Pods/Target Support Files/Pods-breakpoint/Pods-breakpoint.release.xcconfig"; sourceTree = "<group>"; };
/* End PBXFileReference section */

/* Begin PBXFrameworksBuildPhase section */
		71E22B171F41796F00FCE5D5 /* Frameworks */ = {
			isa = PBXFrameworksBuildPhase;
			buildActionMask = 2147483647;
			files = (
				1ECAA7233678D9C519726C18 /* Pods_breakpoint.framework in Frameworks */,
			);
			runOnlyForDeploymentPostprocessing = 0;
		};
/* End PBXFrameworksBuildPhase section */

/* Begin PBXGroup section */
		2B2BFCF2B7C2810C7430ADB9 /* Pods */ = {
			isa = PBXGroup;
			children = (
				1EE09A52F702F052F12CFA56 /* Pods-breakpoint.debug.xcconfig */,
				E863EFFE0D202DA76A36628E /* Pods-breakpoint.release.xcconfig */,
			);
			name = Pods;
			sourceTree = "<group>";
		};
		42FAAD40CD1E068AF66D3E3F /* Frameworks */ = {
			isa = PBXGroup;
			children = (
				C643993D711845730FE20256 /* Pods_breakpoint.framework */,
			);
			name = Frameworks;
			sourceTree = "<group>";
		};
		71E22B111F41796F00FCE5D5 = {
			isa = PBXGroup;
			children = (
				71E22B1C1F41796F00FCE5D5 /* breakpoint */,
				71E22B1B1F41796F00FCE5D5 /* Products */,
				2B2BFCF2B7C2810C7430ADB9 /* Pods */,
				42FAAD40CD1E068AF66D3E3F /* Frameworks */,
			);
			sourceTree = "<group>";
		};
		71E22B1B1F41796F00FCE5D5 /* Products */ = {
			isa = PBXGroup;
			children = (
				71E22B1A1F41796F00FCE5D5 /* breakpoint.app */,
			);
			name = Products;
			sourceTree = "<group>";
		};
		71E22B1C1F41796F00FCE5D5 /* breakpoint */ = {
			isa = PBXGroup;
			children = (
				71E22B361F4179EB00FCE5D5 /* Services */,
				71E22B341F4179C400FCE5D5 /* Extensions */,
				71E22B331F4179BD00FCE5D5 /* Model */,
				71E22B321F4179B300FCE5D5 /* View */,
				71E22B311F4179A200FCE5D5 /* Controller */,
				71E22B1D1F41796F00FCE5D5 /* AppDelegate.swift */,
				71E22B231F41796F00FCE5D5 /* Main.storyboard */,
				71E22B261F41796F00FCE5D5 /* Assets.xcassets */,
				71E22B281F41796F00FCE5D5 /* LaunchScreen.storyboard */,
				71E22B2B1F41796F00FCE5D5 /* Info.plist */,
				71E22B371F417AC100FCE5D5 /* GoogleService-Info.plist */,
			);
			path = breakpoint;
			sourceTree = "<group>";
		};
		71E22B311F4179A200FCE5D5 /* Controller */ = {
			isa = PBXGroup;
			children = (
				71E22B1F1F41796F00FCE5D5 /* FeedVC.swift */,
				71E22B211F41796F00FCE5D5 /* GroupVC.swift */,
				7141C31E1F44202E007D8561 /* AuthVC.swift */,
				7141C3201F442059007D8561 /* LoginVC.swift */,
			);
			path = Controller;
			sourceTree = "<group>";
		};
		71E22B321F4179B300FCE5D5 /* View */ = {
			isa = PBXGroup;
			children = (
				7141C3221F4420A1007D8561 /* InsetTextField.swift */,
				7141C3251F4423CF007D8561 /* ShadowView.swift */,
			);
			path = View;
			sourceTree = "<group>";
		};
		71E22B331F4179BD00FCE5D5 /* Model */ = {
			isa = PBXGroup;
			children = (
			);
			path = Model;
			sourceTree = "<group>";
		};
		71E22B341F4179C400FCE5D5 /* Extensions */ = {
			isa = PBXGroup;
			children = (
			);
			path = Extensions;
			sourceTree = "<group>";
		};
		71E22B361F4179EB00FCE5D5 /* Services */ = {
			isa = PBXGroup;
			children = (
				7141C31C1F441825007D8561 /* DataService.swift */,
				7141C3271F456BEE007D8561 /* AuthService.swift */,
			);
			path = Services;
			sourceTree = "<group>";
		};
/* End PBXGroup section */

/* Begin PBXNativeTarget section */
		71E22B191F41796F00FCE5D5 /* breakpoint */ = {
			isa = PBXNativeTarget;
			buildConfigurationList = 71E22B2E1F41796F00FCE5D5 /* Build configuration list for PBXNativeTarget "breakpoint" */;
			buildPhases = (
				6AB92681D0EEB097C35B3DE3 /* [CP] Check Pods Manifest.lock */,
				71E22B161F41796F00FCE5D5 /* Sources */,
				71E22B171F41796F00FCE5D5 /* Frameworks */,
				71E22B181F41796F00FCE5D5 /* Resources */,
				86961C69CCC8B700BEC16F5F /* [CP] Embed Pods Frameworks */,
				CA9CB528CD75A5458DF42F02 /* [CP] Copy Pods Resources */,
			);
			buildRules = (
			);
			dependencies = (
			);
			name = breakpoint;
			productName = breakpoint;
			productReference = 71E22B1A1F41796F00FCE5D5 /* breakpoint.app */;
			productType = "com.apple.product-type.application";
		};
/* End PBXNativeTarget section */

/* Begin PBXProject section */
		71E22B121F41796F00FCE5D5 /* Project object */ = {
			isa = PBXProject;
			attributes = {
				LastSwiftUpdateCheck = 0900;
				LastUpgradeCheck = 0900;
				ORGANIZATIONNAME = "Marton Zatrok";
				TargetAttributes = {
					71E22B191F41796F00FCE5D5 = {
						CreatedOnToolsVersion = 9.0;
					};
				};
			};
			buildConfigurationList = 71E22B151F41796F00FCE5D5 /* Build configuration list for PBXProject "breakpoint" */;
			compatibilityVersion = "Xcode 8.0";
			developmentRegion = en;
			hasScannedForEncodings = 0;
			knownRegions = (
				en,
				Base,
			);
			mainGroup = 71E22B111F41796F00FCE5D5;
			productRefGroup = 71E22B1B1F41796F00FCE5D5 /* Products */;
			projectDirPath = "";
			projectRoot = "";
			targets = (
				71E22B191F41796F00FCE5D5 /* breakpoint */,
			);
		};
/* End PBXProject section */

/* Begin PBXResourcesBuildPhase section */
		71E22B181F41796F00FCE5D5 /* Resources */ = {
			isa = PBXResourcesBuildPhase;
			buildActionMask = 2147483647;
			files = (
				71E22B2A1F41796F00FCE5D5 /* LaunchScreen.storyboard in Resources */,
				7141C3241F442261007D8561 /* GoogleService-Info.plist in Resources */,
				71E22B271F41796F00FCE5D5 /* Assets.xcassets in Resources */,
				71E22B251F41796F00FCE5D5 /* Main.storyboard in Resources */,
			);
			runOnlyForDeploymentPostprocessing = 0;
		};
/* End PBXResourcesBuildPhase section */

/* Begin PBXShellScriptBuildPhase section */
		6AB92681D0EEB097C35B3DE3 /* [CP] Check Pods Manifest.lock */ = {
			isa = PBXShellScriptBuildPhase;
			buildActionMask = 2147483647;
			files = (
			);
			inputPaths = (
			);
			name = "[CP] Check Pods Manifest.lock";
			outputPaths = (
			);
			runOnlyForDeploymentPostprocessing = 0;
			shellPath = /bin/sh;
			shellScript = "diff \"${PODS_PODFILE_DIR_PATH}/Podfile.lock\" \"${PODS_ROOT}/Manifest.lock\" > /dev/null\nif [ $? != 0 ] ; then\n    # print error to STDERR\n    echo \"error: The sandbox is not in sync with the Podfile.lock. Run 'pod install' or update your CocoaPods installation.\" >&2\n    exit 1\nfi\n";
			showEnvVarsInLog = 0;
		};
		86961C69CCC8B700BEC16F5F /* [CP] Embed Pods Frameworks */ = {
			isa = PBXShellScriptBuildPhase;
			buildActionMask = 2147483647;
			files = (
			);
			inputPaths = (
			);
			name = "[CP] Embed Pods Frameworks";
			outputPaths = (
			);
			runOnlyForDeploymentPostprocessing = 0;
			shellPath = /bin/sh;
			shellScript = "\"${SRCROOT}/Pods/Target Support Files/Pods-breakpoint/Pods-breakpoint-frameworks.sh\"\n";
			showEnvVarsInLog = 0;
		};
		CA9CB528CD75A5458DF42F02 /* [CP] Copy Pods Resources */ = {
			isa = PBXShellScriptBuildPhase;
			buildActionMask = 2147483647;
			files = (
			);
			inputPaths = (
			);
			name = "[CP] Copy Pods Resources";
			outputPaths = (
			);
			runOnlyForDeploymentPostprocessing = 0;
			shellPath = /bin/sh;
			shellScript = "\"${SRCROOT}/Pods/Target Support Files/Pods-breakpoint/Pods-breakpoint-resources.sh\"\n";
			showEnvVarsInLog = 0;
		};
/* End PBXShellScriptBuildPhase section */

/* Begin PBXSourcesBuildPhase section */
		71E22B161F41796F00FCE5D5 /* Sources */ = {
			isa = PBXSourcesBuildPhase;
			buildActionMask = 2147483647;
			files = (
				7141C31F1F44202E007D8561 /* AuthVC.swift in Sources */,
				71E22B221F41796F00FCE5D5 /* GroupVC.swift in Sources */,
				7141C3211F442059007D8561 /* LoginVC.swift in Sources */,
				7141C3281F456BEE007D8561 /* AuthService.swift in Sources */,
				71E22B1E1F41796F00FCE5D5 /* AppDelegate.swift in Sources */,
				7141C3261F4423CF007D8561 /* ShadowView.swift in Sources */,
				71E22B201F41796F00FCE5D5 /* FeedVC.swift in Sources */,
				7141C3231F4420A1007D8561 /* InsetTextField.swift in Sources */,
				7141C31D1F441825007D8561 /* DataService.swift in Sources */,
			);
			runOnlyForDeploymentPostprocessing = 0;
		};
/* End PBXSourcesBuildPhase section */

/* Begin PBXVariantGroup section */
		71E22B231F41796F00FCE5D5 /* Main.storyboard */ = {
			isa = PBXVariantGroup;
			children = (
				71E22B241F41796F00FCE5D5 /* Base */,
			);
			name = Main.storyboard;
			sourceTree = "<group>";
		};
		71E22B281F41796F00FCE5D5 /* LaunchScreen.storyboard */ = {
			isa = PBXVariantGroup;
			children = (
				71E22B291F41796F00FCE5D5 /* Base */,
			);
			name = LaunchScreen.storyboard;
			sourceTree = "<group>";
		};
/* End PBXVariantGroup section */

/* Begin XCBuildConfiguration section */
		71E22B2C1F41796F00FCE5D5 /* Debug */ = {
			isa = XCBuildConfiguration;
			buildSettings = {
				ALWAYS_SEARCH_USER_PATHS = NO;
				CLANG_ANALYZER_NONNULL = YES;
				CLANG_ANALYZER_NUMBER_OBJECT_CONVERSION = YES_AGGRESSIVE;
				CLANG_CXX_LANGUAGE_STANDARD = "gnu++14";
				CLANG_CXX_LIBRARY = "libc++";
				CLANG_ENABLE_MODULES = YES;
				CLANG_ENABLE_OBJC_ARC = YES;
				CLANG_WARN_BLOCK_CAPTURE_AUTORELEASING = YES;
				CLANG_WARN_BOOL_CONVERSION = YES;
				CLANG_WARN_COMMA = YES;
				CLANG_WARN_CONSTANT_CONVERSION = YES;
				CLANG_WARN_DIRECT_OBJC_ISA_USAGE = YES_ERROR;
				CLANG_WARN_DOCUMENTATION_COMMENTS = YES;
				CLANG_WARN_EMPTY_BODY = YES;
				CLANG_WARN_ENUM_CONVERSION = YES;
				CLANG_WARN_INFINITE_RECURSION = YES;
				CLANG_WARN_INT_CONVERSION = YES;
				CLANG_WARN_NON_LITERAL_NULL_CONVERSION = YES;
				CLANG_WARN_OBJC_LITERAL_CONVERSION = YES;
				CLANG_WARN_OBJC_ROOT_CLASS = YES_ERROR;
				CLANG_WARN_RANGE_LOOP_ANALYSIS = YES;
				CLANG_WARN_STRICT_PROTOTYPES = YES;
				CLANG_WARN_SUSPICIOUS_MOVE = YES;
				CLANG_WARN_UNGUARDED_AVAILABILITY = YES_AGGRESSIVE;
				CLANG_WARN_UNREACHABLE_CODE = YES;
				CLANG_WARN__DUPLICATE_METHOD_MATCH = YES;
				CODE_SIGN_IDENTITY = "iPhone Developer";
				COPY_PHASE_STRIP = NO;
				DEBUG_INFORMATION_FORMAT = dwarf;
				ENABLE_STRICT_OBJC_MSGSEND = YES;
				ENABLE_TESTABILITY = YES;
				GCC_C_LANGUAGE_STANDARD = gnu11;
				GCC_DYNAMIC_NO_PIC = NO;
				GCC_NO_COMMON_BLOCKS = YES;
				GCC_OPTIMIZATION_LEVEL = 0;
				GCC_PREPROCESSOR_DEFINITIONS = (
					"DEBUG=1",
					"$(inherited)",
				);
				GCC_WARN_64_TO_32_BIT_CONVERSION = YES;
				GCC_WARN_ABOUT_RETURN_TYPE = YES_ERROR;
				GCC_WARN_UNDECLARED_SELECTOR = YES;
				GCC_WARN_UNINITIALIZED_AUTOS = YES_AGGRESSIVE;
				GCC_WARN_UNUSED_FUNCTION = YES;
				GCC_WARN_UNUSED_VARIABLE = YES;
				IPHONEOS_DEPLOYMENT_TARGET = 11.0;
				MTL_ENABLE_DEBUG_INFO = YES;
				ONLY_ACTIVE_ARCH = YES;
				SDKROOT = iphoneos;
				SWIFT_ACTIVE_COMPILATION_CONDITIONS = DEBUG;
				SWIFT_OPTIMIZATION_LEVEL = "-Onone";
			};
			name = Debug;
		};
		71E22B2D1F41796F00FCE5D5 /* Release */ = {
			isa = XCBuildConfiguration;
			buildSettings = {
				ALWAYS_SEARCH_USER_PATHS = NO;
				CLANG_ANALYZER_NONNULL = YES;
				CLANG_ANALYZER_NUMBER_OBJECT_CONVERSION = YES_AGGRESSIVE;
				CLANG_CXX_LANGUAGE_STANDARD = "gnu++14";
				CLANG_CXX_LIBRARY = "libc++";
				CLANG_ENABLE_MODULES = YES;
				CLANG_ENABLE_OBJC_ARC = YES;
				CLANG_WARN_BLOCK_CAPTURE_AUTORELEASING = YES;
				CLANG_WARN_BOOL_CONVERSION = YES;
				CLANG_WARN_COMMA = YES;
				CLANG_WARN_CONSTANT_CONVERSION = YES;
				CLANG_WARN_DIRECT_OBJC_ISA_USAGE = YES_ERROR;
				CLANG_WARN_DOCUMENTATION_COMMENTS = YES;
				CLANG_WARN_EMPTY_BODY = YES;
				CLANG_WARN_ENUM_CONVERSION = YES;
				CLANG_WARN_INFINITE_RECURSION = YES;
				CLANG_WARN_INT_CONVERSION = YES;
				CLANG_WARN_NON_LITERAL_NULL_CONVERSION = YES;
				CLANG_WARN_OBJC_LITERAL_CONVERSION = YES;
				CLANG_WARN_OBJC_ROOT_CLASS = YES_ERROR;
				CLANG_WARN_RANGE_LOOP_ANALYSIS = YES;
				CLANG_WARN_STRICT_PROTOTYPES = YES;
				CLANG_WARN_SUSPICIOUS_MOVE = YES;
				CLANG_WARN_UNGUARDED_AVAILABILITY = YES_AGGRESSIVE;
				CLANG_WARN_UNREACHABLE_CODE = YES;
				CLANG_WARN__DUPLICATE_METHOD_MATCH = YES;
				CODE_SIGN_IDENTITY = "iPhone Developer";
				COPY_PHASE_STRIP = NO;
				DEBUG_INFORMATION_FORMAT = "dwarf-with-dsym";
				ENABLE_NS_ASSERTIONS = NO;
				ENABLE_STRICT_OBJC_MSGSEND = YES;
				GCC_C_LANGUAGE_STANDARD = gnu11;
				GCC_NO_COMMON_BLOCKS = YES;
				GCC_WARN_64_TO_32_BIT_CONVERSION = YES;
				GCC_WARN_ABOUT_RETURN_TYPE = YES_ERROR;
				GCC_WARN_UNDECLARED_SELECTOR = YES;
				GCC_WARN_UNINITIALIZED_AUTOS = YES_AGGRESSIVE;
				GCC_WARN_UNUSED_FUNCTION = YES;
				GCC_WARN_UNUSED_VARIABLE = YES;
				IPHONEOS_DEPLOYMENT_TARGET = 11.0;
				MTL_ENABLE_DEBUG_INFO = NO;
				SDKROOT = iphoneos;
				SWIFT_OPTIMIZATION_LEVEL = "-Owholemodule";
				VALIDATE_PRODUCT = YES;
			};
			name = Release;
		};
		71E22B2F1F41796F00FCE5D5 /* Debug */ = {
			isa = XCBuildConfiguration;
			baseConfigurationReference = 1EE09A52F702F052F12CFA56 /* Pods-breakpoint.debug.xcconfig */;
			buildSettings = {
				ASSETCATALOG_COMPILER_APPICON_NAME = AppIcon;
				DEVELOPMENT_TEAM = 95L9NZ9468;
				INFOPLIST_FILE = breakpoint/Info.plist;
				LD_RUNPATH_SEARCH_PATHS = "$(inherited) @executable_path/Frameworks";
				PRODUCT_BUNDLE_IDENTIFIER = com.zmarton.breakpoint;
				PRODUCT_NAME = "$(TARGET_NAME)";
				SWIFT_VERSION = 4.0;
				TARGETED_DEVICE_FAMILY = "1,2";
			};
			name = Debug;
		};
		71E22B301F41796F00FCE5D5 /* Release */ = {
			isa = XCBuildConfiguration;
			baseConfigurationReference = E863EFFE0D202DA76A36628E /* Pods-breakpoint.release.xcconfig */;
			buildSettings = {
				ASSETCATALOG_COMPILER_APPICON_NAME = AppIcon;
				DEVELOPMENT_TEAM = 95L9NZ9468;
				INFOPLIST_FILE = breakpoint/Info.plist;
				LD_RUNPATH_SEARCH_PATHS = "$(inherited) @executable_path/Frameworks";
				PRODUCT_BUNDLE_IDENTIFIER = com.zmarton.breakpoint;
				PRODUCT_NAME = "$(TARGET_NAME)";
				SWIFT_VERSION = 4.0;
				TARGETED_DEVICE_FAMILY = "1,2";
			};
			name = Release;
		};
/* End XCBuildConfiguration section */

/* Begin XCConfigurationList section */
		71E22B151F41796F00FCE5D5 /* Build configuration list for PBXProject "breakpoint" */ = {
			isa = XCConfigurationList;
			buildConfigurations = (
				71E22B2C1F41796F00FCE5D5 /* Debug */,
				71E22B2D1F41796F00FCE5D5 /* Release */,
			);
			defaultConfigurationIsVisible = 0;
			defaultConfigurationName = Release;
		};
		71E22B2E1F41796F00FCE5D5 /* Build configuration list for PBXNativeTarget "breakpoint" */ = {
			isa = XCConfigurationList;
			buildConfigurations = (
				71E22B2F1F41796F00FCE5D5 /* Debug */,
				71E22B301F41796F00FCE5D5 /* Release */,
			);
			defaultConfigurationIsVisible = 0;
			defaultConfigurationName = Release;
		};
/* End XCConfigurationList section */
	};
	rootObject = 71E22B121F41796F00FCE5D5 /* Project object */;
}
